// !$*UTF8*$!
{
	archiveVersion = 1;
	classes = {
	};
	objectVersion = 56;
	objects = {

/* Begin PBXBuildFile section */
		81FC52A4ECEF5F5D4C074F7D /* Pods_AisleTask.framework in Frameworks */ = {isa = PBXBuildFile; fileRef = 526C2AE697D5954BB6EC6FC4 /* Pods_AisleTask.framework */; };
		B1D76326BD2ACE26FFA205E9 /* Pods_AisleTaskTests.framework in Frameworks */ = {isa = PBXBuildFile; fileRef = 458C7652B96CE391E57D66D5 /* Pods_AisleTaskTests.framework */; };
		BF790DDA2E0D729C00C68CBC /* AppDelegate.swift in Sources */ = {isa = PBXBuildFile; fileRef = BF790DD92E0D729C00C68CBC /* AppDelegate.swift */; };
		BF790DDC2E0D729C00C68CBC /* SceneDelegate.swift in Sources */ = {isa = PBXBuildFile; fileRef = BF790DDB2E0D729C00C68CBC /* SceneDelegate.swift */; };
		BF790DDE2E0D729C00C68CBC /* LoginVC.swift in Sources */ = {isa = PBXBuildFile; fileRef = BF790DDD2E0D729C00C68CBC /* LoginVC.swift */; };
		BF790DE12E0D729C00C68CBC /* Main.storyboard in Resources */ = {isa = PBXBuildFile; fileRef = BF790DDF2E0D729C00C68CBC /* Main.storyboard */; };
		BF790DE42E0D729C00C68CBC /* AisleTask.xcdatamodeld in Sources */ = {isa = PBXBuildFile; fileRef = BF790DE22E0D729C00C68CBC /* AisleTask.xcdatamodeld */; };
		BF790DE62E0D729E00C68CBC /* Assets.xcassets in Resources */ = {isa = PBXBuildFile; fileRef = BF790DE52E0D729E00C68CBC /* Assets.xcassets */; };
		BF790DE92E0D729E00C68CBC /* LaunchScreen.storyboard in Resources */ = {isa = PBXBuildFile; fileRef = BF790DE72E0D729E00C68CBC /* LaunchScreen.storyboard */; };
		BF790DF42E0D729F00C68CBC /* AisleTaskTests.swift in Sources */ = {isa = PBXBuildFile; fileRef = BF790DF32E0D729F00C68CBC /* AisleTaskTests.swift */; };
		BF790DFE2E0D729F00C68CBC /* AisleTaskUITests.swift in Sources */ = {isa = PBXBuildFile; fileRef = BF790DFD2E0D729F00C68CBC /* AisleTaskUITests.swift */; };
		BF790E002E0D729F00C68CBC /* AisleTaskUITestsLaunchTests.swift in Sources */ = {isa = PBXBuildFile; fileRef = BF790DFF2E0D729F00C68CBC /* AisleTaskUITestsLaunchTests.swift */; };
		BF790E0E2E0D73A900C68CBC /* IQKeyboardManagerSwift in Frameworks */ = {isa = PBXBuildFile; productRef = BF790E0D2E0D73A900C68CBC /* IQKeyboardManagerSwift */; };
		BF790E102E0D74CB00C68CBC /* GenericHelper.swift in Sources */ = {isa = PBXBuildFile; fileRef = BF790E0F2E0D74CB00C68CBC /* GenericHelper.swift */; };
		BF790E122E0D7B8F00C68CBC /* APIHandler.swift in Sources */ = {isa = PBXBuildFile; fileRef = BF790E112E0D7B8F00C68CBC /* APIHandler.swift */; };
		BF790E142E0D7DE100C68CBC /* WebAPI.swift in Sources */ = {isa = PBXBuildFile; fileRef = BF790E132E0D7DE100C68CBC /* WebAPI.swift */; };
		BF790E162E0D888900C68CBC /* Models.swift in Sources */ = {isa = PBXBuildFile; fileRef = BF790E152E0D888900C68CBC /* Models.swift */; };
		BF790E182E0DAB3B00C68CBC /* OTPVC.swift in Sources */ = {isa = PBXBuildFile; fileRef = BF790E172E0DAB3B00C68CBC /* OTPVC.swift */; };
		BF9753632E0EA3BD00E41938 /* TabBarVC.swift in Sources */ = {isa = PBXBuildFile; fileRef = BF9753622E0EA3BD00E41938 /* TabBarVC.swift */; };
		BF9753652E0EB19F00E41938 /* DiscoverVC.swift in Sources */ = {isa = PBXBuildFile; fileRef = BF9753642E0EB19F00E41938 /* DiscoverVC.swift */; };
		BF9753672E0EB27B00E41938 /* NotesVC.swift in Sources */ = {isa = PBXBuildFile; fileRef = BF9753662E0EB27B00E41938 /* NotesVC.swift */; };
		BF97536D2E0FDEBB00E41938 /* ProfileCollectionViewCell.swift in Sources */ = {isa = PBXBuildFile; fileRef = BF97536C2E0FDEBB00E41938 /* ProfileCollectionViewCell.swift */; };
		BF97536F2E10195700E41938 /* ProfileListCollectionViewCell.swift in Sources */ = {isa = PBXBuildFile; fileRef = BF97536E2E10195700E41938 /* ProfileListCollectionViewCell.swift */; };
		F77253F842C610FC0E2B380F /* Pods_AisleTask_AisleTaskUITests.framework in Frameworks */ = {isa = PBXBuildFile; fileRef = 3A2CADF28B8A27E34A37DA4A /* Pods_AisleTask_AisleTaskUITests.framework */; };
/* End PBXBuildFile section */

/* Begin PBXContainerItemProxy section */
		BF790DF02E0D729F00C68CBC /* PBXContainerItemProxy */ = {
			isa = PBXContainerItemProxy;
			containerPortal = BF790DCE2E0D729C00C68CBC /* Project object */;
			proxyType = 1;
			remoteGlobalIDString = BF790DD52E0D729C00C68CBC;
			remoteInfo = AisleTask;
		};
		BF790DFA2E0D729F00C68CBC /* PBXContainerItemProxy */ = {
			isa = PBXContainerItemProxy;
			containerPortal = BF790DCE2E0D729C00C68CBC /* Project object */;
			proxyType = 1;
			remoteGlobalIDString = BF790DD52E0D729C00C68CBC;
			remoteInfo = AisleTask;
		};
/* End PBXContainerItemProxy section */

/* Begin PBXFileReference section */
		06CCA6AF72D73FED0B5D4B5E /* Pods-AisleTask.debug.xcconfig */ = {isa = PBXFileReference; includeInIndex = 1; lastKnownFileType = text.xcconfig; name = "Pods-AisleTask.debug.xcconfig"; path = "Target Support Files/Pods-AisleTask/Pods-AisleTask.debug.xcconfig"; sourceTree = "<group>"; };
		08B3ED49003D35A801EE7556 /* Pods-AisleTask.release.xcconfig */ = {isa = PBXFileReference; includeInIndex = 1; lastKnownFileType = text.xcconfig; name = "Pods-AisleTask.release.xcconfig"; path = "Target Support Files/Pods-AisleTask/Pods-AisleTask.release.xcconfig"; sourceTree = "<group>"; };
		0915D06A0985C4A345C62EBB /* Pods-AisleTask-AisleTaskUITests.debug.xcconfig */ = {isa = PBXFileReference; includeInIndex = 1; lastKnownFileType = text.xcconfig; name = "Pods-AisleTask-AisleTaskUITests.debug.xcconfig"; path = "Target Support Files/Pods-AisleTask-AisleTaskUITests/Pods-AisleTask-AisleTaskUITests.debug.xcconfig"; sourceTree = "<group>"; };
		348820CCA107F781A5A200DE /* Pods-AisleTask-AisleTaskUITests.release.xcconfig */ = {isa = PBXFileReference; includeInIndex = 1; lastKnownFileType = text.xcconfig; name = "Pods-AisleTask-AisleTaskUITests.release.xcconfig"; path = "Target Support Files/Pods-AisleTask-AisleTaskUITests/Pods-AisleTask-AisleTaskUITests.release.xcconfig"; sourceTree = "<group>"; };
		3A2CADF28B8A27E34A37DA4A /* Pods_AisleTask_AisleTaskUITests.framework */ = {isa = PBXFileReference; explicitFileType = wrapper.framework; includeInIndex = 0; path = Pods_AisleTask_AisleTaskUITests.framework; sourceTree = BUILT_PRODUCTS_DIR; };
		458C7652B96CE391E57D66D5 /* Pods_AisleTaskTests.framework */ = {isa = PBXFileReference; explicitFileType = wrapper.framework; includeInIndex = 0; path = Pods_AisleTaskTests.framework; sourceTree = BUILT_PRODUCTS_DIR; };
		526C2AE697D5954BB6EC6FC4 /* Pods_AisleTask.framework */ = {isa = PBXFileReference; explicitFileType = wrapper.framework; includeInIndex = 0; path = Pods_AisleTask.framework; sourceTree = BUILT_PRODUCTS_DIR; };
		B01BDE5E9B583EBE31E2E2AE /* Pods-AisleTaskTests.debug.xcconfig */ = {isa = PBXFileReference; includeInIndex = 1; lastKnownFileType = text.xcconfig; name = "Pods-AisleTaskTests.debug.xcconfig"; path = "Target Support Files/Pods-AisleTaskTests/Pods-AisleTaskTests.debug.xcconfig"; sourceTree = "<group>"; };
		BF790DD62E0D729C00C68CBC /* AisleTask.app */ = {isa = PBXFileReference; explicitFileType = wrapper.application; includeInIndex = 0; path = AisleTask.app; sourceTree = BUILT_PRODUCTS_DIR; };
		BF790DD92E0D729C00C68CBC /* AppDelegate.swift */ = {isa = PBXFileReference; lastKnownFileType = sourcecode.swift; path = AppDelegate.swift; sourceTree = "<group>"; };
		BF790DDB2E0D729C00C68CBC /* SceneDelegate.swift */ = {isa = PBXFileReference; lastKnownFileType = sourcecode.swift; path = SceneDelegate.swift; sourceTree = "<group>"; };
		BF790DDD2E0D729C00C68CBC /* LoginVC.swift */ = {isa = PBXFileReference; lastKnownFileType = sourcecode.swift; path = LoginVC.swift; sourceTree = "<group>"; };
		BF790DE02E0D729C00C68CBC /* Base */ = {isa = PBXFileReference; lastKnownFileType = file.storyboard; name = Base; path = Base.lproj/Main.storyboard; sourceTree = "<group>"; };
		BF790DE32E0D729C00C68CBC /* AisleTask.xcdatamodel */ = {isa = PBXFileReference; lastKnownFileType = wrapper.xcdatamodel; path = AisleTask.xcdatamodel; sourceTree = "<group>"; };
		BF790DE52E0D729E00C68CBC /* Assets.xcassets */ = {isa = PBXFileReference; lastKnownFileType = folder.assetcatalog; path = Assets.xcassets; sourceTree = "<group>"; };
		BF790DE82E0D729E00C68CBC /* Base */ = {isa = PBXFileReference; lastKnownFileType = file.storyboard; name = Base; path = Base.lproj/LaunchScreen.storyboard; sourceTree = "<group>"; };
		BF790DEA2E0D729E00C68CBC /* Info.plist */ = {isa = PBXFileReference; lastKnownFileType = text.plist.xml; path = Info.plist; sourceTree = "<group>"; };
		BF790DEF2E0D729F00C68CBC /* AisleTaskTests.xctest */ = {isa = PBXFileReference; explicitFileType = wrapper.cfbundle; includeInIndex = 0; path = AisleTaskTests.xctest; sourceTree = BUILT_PRODUCTS_DIR; };
		BF790DF32E0D729F00C68CBC /* AisleTaskTests.swift */ = {isa = PBXFileReference; lastKnownFileType = sourcecode.swift; path = AisleTaskTests.swift; sourceTree = "<group>"; };
		BF790DF92E0D729F00C68CBC /* AisleTaskUITests.xctest */ = {isa = PBXFileReference; explicitFileType = wrapper.cfbundle; includeInIndex = 0; path = AisleTaskUITests.xctest; sourceTree = BUILT_PRODUCTS_DIR; };
		BF790DFD2E0D729F00C68CBC /* AisleTaskUITests.swift */ = {isa = PBXFileReference; lastKnownFileType = sourcecode.swift; path = AisleTaskUITests.swift; sourceTree = "<group>"; };
		BF790DFF2E0D729F00C68CBC /* AisleTaskUITestsLaunchTests.swift */ = {isa = PBXFileReference; lastKnownFileType = sourcecode.swift; path = AisleTaskUITestsLaunchTests.swift; sourceTree = "<group>"; };
		BF790E0F2E0D74CB00C68CBC /* GenericHelper.swift */ = {isa = PBXFileReference; lastKnownFileType = sourcecode.swift; path = GenericHelper.swift; sourceTree = "<group>"; };
		BF790E112E0D7B8F00C68CBC /* APIHandler.swift */ = {isa = PBXFileReference; lastKnownFileType = sourcecode.swift; path = APIHandler.swift; sourceTree = "<group>"; };
		BF790E132E0D7DE100C68CBC /* WebAPI.swift */ = {isa = PBXFileReference; lastKnownFileType = sourcecode.swift; path = WebAPI.swift; sourceTree = "<group>"; };
		BF790E152E0D888900C68CBC /* Models.swift */ = {isa = PBXFileReference; lastKnownFileType = sourcecode.swift; path = Models.swift; sourceTree = "<group>"; };
		BF790E172E0DAB3B00C68CBC /* OTPVC.swift */ = {isa = PBXFileReference; lastKnownFileType = sourcecode.swift; path = OTPVC.swift; sourceTree = "<group>"; };
		BF9753622E0EA3BD00E41938 /* TabBarVC.swift */ = {isa = PBXFileReference; lastKnownFileType = sourcecode.swift; path = TabBarVC.swift; sourceTree = "<group>"; };
		BF9753642E0EB19F00E41938 /* DiscoverVC.swift */ = {isa = PBXFileReference; lastKnownFileType = sourcecode.swift; path = DiscoverVC.swift; sourceTree = "<group>"; };
		BF9753662E0EB27B00E41938 /* NotesVC.swift */ = {isa = PBXFileReference; lastKnownFileType = sourcecode.swift; path = NotesVC.swift; sourceTree = "<group>"; };
		BF97536C2E0FDEBB00E41938 /* ProfileCollectionViewCell.swift */ = {isa = PBXFileReference; lastKnownFileType = sourcecode.swift; path = ProfileCollectionViewCell.swift; sourceTree = "<group>"; };
		BF97536E2E10195700E41938 /* ProfileListCollectionViewCell.swift */ = {isa = PBXFileReference; lastKnownFileType = sourcecode.swift; path = ProfileListCollectionViewCell.swift; sourceTree = "<group>"; };
		F41D94F5AA5439D4E9F7CD22 /* Pods-AisleTaskTests.release.xcconfig */ = {isa = PBXFileReference; includeInIndex = 1; lastKnownFileType = text.xcconfig; name = "Pods-AisleTaskTests.release.xcconfig"; path = "Target Support Files/Pods-AisleTaskTests/Pods-AisleTaskTests.release.xcconfig"; sourceTree = "<group>"; };
/* End PBXFileReference section */

/* Begin PBXFrameworksBuildPhase section */
		BF790DD32E0D729C00C68CBC /* Frameworks */ = {
			isa = PBXFrameworksBuildPhase;
			buildActionMask = 2147483647;
			files = (
				81FC52A4ECEF5F5D4C074F7D /* Pods_AisleTask.framework in Frameworks */,
				BF790E0E2E0D73A900C68CBC /* IQKeyboardManagerSwift in Frameworks */,
			);
			runOnlyForDeploymentPostprocessing = 0;
		};
		BF790DEC2E0D729F00C68CBC /* Frameworks */ = {
			isa = PBXFrameworksBuildPhase;
			buildActionMask = 2147483647;
			files = (
				B1D76326BD2ACE26FFA205E9 /* Pods_AisleTaskTests.framework in Frameworks */,
			);
			runOnlyForDeploymentPostprocessing = 0;
		};
		BF790DF62E0D729F00C68CBC /* Frameworks */ = {
			isa = PBXFrameworksBuildPhase;
			buildActionMask = 2147483647;
			files = (
				F77253F842C610FC0E2B380F /* Pods_AisleTask_AisleTaskUITests.framework in Frameworks */,
			);
			runOnlyForDeploymentPostprocessing = 0;
		};
/* End PBXFrameworksBuildPhase section */

/* Begin PBXGroup section */
		55ACB62464FEE77E2811E89D /* Pods */ = {
			isa = PBXGroup;
			children = (
				06CCA6AF72D73FED0B5D4B5E /* Pods-AisleTask.debug.xcconfig */,
				08B3ED49003D35A801EE7556 /* Pods-AisleTask.release.xcconfig */,
				0915D06A0985C4A345C62EBB /* Pods-AisleTask-AisleTaskUITests.debug.xcconfig */,
				348820CCA107F781A5A200DE /* Pods-AisleTask-AisleTaskUITests.release.xcconfig */,
				B01BDE5E9B583EBE31E2E2AE /* Pods-AisleTaskTests.debug.xcconfig */,
				F41D94F5AA5439D4E9F7CD22 /* Pods-AisleTaskTests.release.xcconfig */,
			);
			path = Pods;
			sourceTree = "<group>";
		};
		960B9C08031FD1C2FB03CBC4 /* Frameworks */ = {
			isa = PBXGroup;
			children = (
				526C2AE697D5954BB6EC6FC4 /* Pods_AisleTask.framework */,
				3A2CADF28B8A27E34A37DA4A /* Pods_AisleTask_AisleTaskUITests.framework */,
				458C7652B96CE391E57D66D5 /* Pods_AisleTaskTests.framework */,
			);
			name = Frameworks;
			sourceTree = "<group>";
		};
		BF790DCD2E0D729C00C68CBC = {
			isa = PBXGroup;
			children = (
				BF790DD82E0D729C00C68CBC /* AisleTask */,
				BF790DF22E0D729F00C68CBC /* AisleTaskTests */,
				BF790DFC2E0D729F00C68CBC /* AisleTaskUITests */,
				BF790DD72E0D729C00C68CBC /* Products */,
				55ACB62464FEE77E2811E89D /* Pods */,
				960B9C08031FD1C2FB03CBC4 /* Frameworks */,
			);
			sourceTree = "<group>";
		};
		BF790DD72E0D729C00C68CBC /* Products */ = {
			isa = PBXGroup;
			children = (
				BF790DD62E0D729C00C68CBC /* AisleTask.app */,
				BF790DEF2E0D729F00C68CBC /* AisleTaskTests.xctest */,
				BF790DF92E0D729F00C68CBC /* AisleTaskUITests.xctest */,
			);
			name = Products;
			sourceTree = "<group>";
		};
		BF790DD82E0D729C00C68CBC /* AisleTask */ = {
			isa = PBXGroup;
			children = (
				BF9753762E1025C500E41938 /* DelegateFiles */,
				BF9753702E10226200E41938 /* VieewController */,
				BF9753742E10258900E41938 /* View */,
				BF9753712E1022A100E41938 /* Model */,
				BF9753752E1025A600E41938 /* GenericHelper */,
				BF790DE52E0D729E00C68CBC /* Assets.xcassets */,
				BF790DE72E0D729E00C68CBC /* LaunchScreen.storyboard */,
				BF790DEA2E0D729E00C68CBC /* Info.plist */,
				BF790DE22E0D729C00C68CBC /* AisleTask.xcdatamodeld */,
			);
			path = AisleTask;
			sourceTree = "<group>";
		};
		BF790DF22E0D729F00C68CBC /* AisleTaskTests */ = {
			isa = PBXGroup;
			children = (
				BF790DF32E0D729F00C68CBC /* AisleTaskTests.swift */,
			);
			path = AisleTaskTests;
			sourceTree = "<group>";
		};
		BF790DFC2E0D729F00C68CBC /* AisleTaskUITests */ = {
			isa = PBXGroup;
			children = (
				BF790DFD2E0D729F00C68CBC /* AisleTaskUITests.swift */,
				BF790DFF2E0D729F00C68CBC /* AisleTaskUITestsLaunchTests.swift */,
			);
			path = AisleTaskUITests;
			sourceTree = "<group>";
		};
		BF9753702E10226200E41938 /* VieewController */ = {
			isa = PBXGroup;
			children = (
				BF790DDD2E0D729C00C68CBC /* LoginVC.swift */,
				BF790E172E0DAB3B00C68CBC /* OTPVC.swift */,
				BF9753732E10257900E41938 /* TabBarController  */,
				BF9753722E10254E00E41938 /* CollectionViewCell */,
			);
			path = VieewController;
			sourceTree = "<group>";
		};
		BF9753712E1022A100E41938 /* Model */ = {
			isa = PBXGroup;
			children = (
				BF790E152E0D888900C68CBC /* Models.swift */,
			);
			path = Model;
			sourceTree = "<group>";
		};
		BF9753722E10254E00E41938 /* CollectionViewCell */ = {
			isa = PBXGroup;
			children = (
				BF97536C2E0FDEBB00E41938 /* ProfileCollectionViewCell.swift */,
				BF97536E2E10195700E41938 /* ProfileListCollectionViewCell.swift */,
			);
			path = CollectionViewCell;
			sourceTree = "<group>";
		};
		BF9753732E10257900E41938 /* TabBarController  */ = {
			isa = PBXGroup;
			children = (
				BF9753622E0EA3BD00E41938 /* TabBarVC.swift */,
				BF9753642E0EB19F00E41938 /* DiscoverVC.swift */,
				BF9753662E0EB27B00E41938 /* NotesVC.swift */,
			);
			path = "TabBarController ";
			sourceTree = "<group>";
		};
		BF9753742E10258900E41938 /* View */ = {
			isa = PBXGroup;
			children = (
				BF790DDF2E0D729C00C68CBC /* Main.storyboard */,
			);
			path = View;
			sourceTree = "<group>";
		};
		BF9753752E1025A600E41938 /* GenericHelper */ = {
			isa = PBXGroup;
			children = (
				BF790E132E0D7DE100C68CBC /* WebAPI.swift */,
				BF790E112E0D7B8F00C68CBC /* APIHandler.swift */,
				BF790E0F2E0D74CB00C68CBC /* GenericHelper.swift */,
			);
			path = GenericHelper;
			sourceTree = "<group>";
		};
		BF9753762E1025C500E41938 /* DelegateFiles */ = {
			isa = PBXGroup;
			children = (
				BF790DD92E0D729C00C68CBC /* AppDelegate.swift */,
				BF790DDB2E0D729C00C68CBC /* SceneDelegate.swift */,
			);
			path = DelegateFiles;
			sourceTree = "<group>";
		};
/* End PBXGroup section */

/* Begin PBXNativeTarget section */
		BF790DD52E0D729C00C68CBC /* AisleTask */ = {
			isa = PBXNativeTarget;
			buildConfigurationList = BF790E032E0D729F00C68CBC /* Build configuration list for PBXNativeTarget "AisleTask" */;
			buildPhases = (
				9A745D6C1BF0D09A22BA837B /* [CP] Check Pods Manifest.lock */,
				BF790DD22E0D729C00C68CBC /* Sources */,
				BF790DD32E0D729C00C68CBC /* Frameworks */,
				BF790DD42E0D729C00C68CBC /* Resources */,
			);
			buildRules = (
			);
			dependencies = (
			);
			name = AisleTask;
			packageProductDependencies = (
				BF790E0D2E0D73A900C68CBC /* IQKeyboardManagerSwift */,
			);
			productName = AisleTask;
			productReference = BF790DD62E0D729C00C68CBC /* AisleTask.app */;
			productType = "com.apple.product-type.application";
		};
		BF790DEE2E0D729F00C68CBC /* AisleTaskTests */ = {
			isa = PBXNativeTarget;
			buildConfigurationList = BF790E062E0D729F00C68CBC /* Build configuration list for PBXNativeTarget "AisleTaskTests" */;
			buildPhases = (
				4079AAD597AC70F9753E84B5 /* [CP] Check Pods Manifest.lock */,
				BF790DEB2E0D729F00C68CBC /* Sources */,
				BF790DEC2E0D729F00C68CBC /* Frameworks */,
				BF790DED2E0D729F00C68CBC /* Resources */,
				EEB03F661EA3A06DCB88EA61 /* [CP] Embed Pods Frameworks */,
			);
			buildRules = (
			);
			dependencies = (
				BF790DF12E0D729F00C68CBC /* PBXTargetDependency */,
			);
			name = AisleTaskTests;
			productName = AisleTaskTests;
			productReference = BF790DEF2E0D729F00C68CBC /* AisleTaskTests.xctest */;
			productType = "com.apple.product-type.bundle.unit-test";
		};
		BF790DF82E0D729F00C68CBC /* AisleTaskUITests */ = {
			isa = PBXNativeTarget;
			buildConfigurationList = BF790E092E0D729F00C68CBC /* Build configuration list for PBXNativeTarget "AisleTaskUITests" */;
			buildPhases = (
				9E03297167DC7447B3D856EE /* [CP] Check Pods Manifest.lock */,
				BF790DF52E0D729F00C68CBC /* Sources */,
				BF790DF62E0D729F00C68CBC /* Frameworks */,
				BF790DF72E0D729F00C68CBC /* Resources */,
			);
			buildRules = (
			);
			dependencies = (
				BF790DFB2E0D729F00C68CBC /* PBXTargetDependency */,
			);
			name = AisleTaskUITests;
			productName = AisleTaskUITests;
			productReference = BF790DF92E0D729F00C68CBC /* AisleTaskUITests.xctest */;
			productType = "com.apple.product-type.bundle.ui-testing";
		};
/* End PBXNativeTarget section */

/* Begin PBXProject section */
		BF790DCE2E0D729C00C68CBC /* Project object */ = {
			isa = PBXProject;
			attributes = {
				BuildIndependentTargetsInParallel = 1;
				LastSwiftUpdateCheck = 1520;
				LastUpgradeCheck = 1520;
				TargetAttributes = {
					BF790DD52E0D729C00C68CBC = {
						CreatedOnToolsVersion = 15.2;
					};
					BF790DEE2E0D729F00C68CBC = {
						CreatedOnToolsVersion = 15.2;
						TestTargetID = BF790DD52E0D729C00C68CBC;
					};
					BF790DF82E0D729F00C68CBC = {
						CreatedOnToolsVersion = 15.2;
						TestTargetID = BF790DD52E0D729C00C68CBC;
					};
				};
			};
			buildConfigurationList = BF790DD12E0D729C00C68CBC /* Build configuration list for PBXProject "AisleTask" */;
			compatibilityVersion = "Xcode 14.0";
			developmentRegion = en;
			hasScannedForEncodings = 0;
			knownRegions = (
				en,
				Base,
			);
			mainGroup = BF790DCD2E0D729C00C68CBC;
			packageReferences = (
				BF790E0C2E0D73A900C68CBC /* XCRemoteSwiftPackageReference "IQKeyboardManager" */,
			);
			productRefGroup = BF790DD72E0D729C00C68CBC /* Products */;
			projectDirPath = "";
			projectRoot = "";
			targets = (
				BF790DD52E0D729C00C68CBC /* AisleTask */,
				BF790DEE2E0D729F00C68CBC /* AisleTaskTests */,
				BF790DF82E0D729F00C68CBC /* AisleTaskUITests */,
			);
		};
/* End PBXProject section */

/* Begin PBXResourcesBuildPhase section */
		BF790DD42E0D729C00C68CBC /* Resources */ = {
			isa = PBXResourcesBuildPhase;
			buildActionMask = 2147483647;
			files = (
				BF790DE92E0D729E00C68CBC /* LaunchScreen.storyboard in Resources */,
				BF790DE62E0D729E00C68CBC /* Assets.xcassets in Resources */,
				BF790DE12E0D729C00C68CBC /* Main.storyboard in Resources */,
			);
			runOnlyForDeploymentPostprocessing = 0;
		};
		BF790DED2E0D729F00C68CBC /* Resources */ = {
			isa = PBXResourcesBuildPhase;
			buildActionMask = 2147483647;
			files = (
			);
			runOnlyForDeploymentPostprocessing = 0;
		};
		BF790DF72E0D729F00C68CBC /* Resources */ = {
			isa = PBXResourcesBuildPhase;
			buildActionMask = 2147483647;
			files = (
			);
			runOnlyForDeploymentPostprocessing = 0;
		};
/* End PBXResourcesBuildPhase section */

/* Begin PBXShellScriptBuildPhase section */
		4079AAD597AC70F9753E84B5 /* [CP] Check Pods Manifest.lock */ = {
			isa = PBXShellScriptBuildPhase;
			buildActionMask = 2147483647;
			files = (
			);
			inputFileListPaths = (
			);
			inputPaths = (
				"${PODS_PODFILE_DIR_PATH}/Podfile.lock",
				"${PODS_ROOT}/Manifest.lock",
			);
			name = "[CP] Check Pods Manifest.lock";
			outputFileListPaths = (
			);
			outputPaths = (
				"$(DERIVED_FILE_DIR)/Pods-AisleTaskTests-checkManifestLockResult.txt",
			);
			runOnlyForDeploymentPostprocessing = 0;
			shellPath = /bin/sh;
			shellScript = "diff \"${PODS_PODFILE_DIR_PATH}/Podfile.lock\" \"${PODS_ROOT}/Manifest.lock\" > /dev/null\nif [ $? != 0 ] ; then\n    # print error to STDERR\n    echo \"error: The sandbox is not in sync with the Podfile.lock. Run 'pod install' or update your CocoaPods installation.\" >&2\n    exit 1\nfi\n# This output is used by Xcode 'outputs' to avoid re-running this script phase.\necho \"SUCCESS\" > \"${SCRIPT_OUTPUT_FILE_0}\"\n";
			showEnvVarsInLog = 0;
		};
		9A745D6C1BF0D09A22BA837B /* [CP] Check Pods Manifest.lock */ = {
			isa = PBXShellScriptBuildPhase;
			buildActionMask = 2147483647;
			files = (
			);
			inputFileListPaths = (
			);
			inputPaths = (
				"${PODS_PODFILE_DIR_PATH}/Podfile.lock",
				"${PODS_ROOT}/Manifest.lock",
			);
			name = "[CP] Check Pods Manifest.lock";
			outputFileListPaths = (
			);
			outputPaths = (
				"$(DERIVED_FILE_DIR)/Pods-AisleTask-checkManifestLockResult.txt",
			);
			runOnlyForDeploymentPostprocessing = 0;
			shellPath = /bin/sh;
			shellScript = "diff \"${PODS_PODFILE_DIR_PATH}/Podfile.lock\" \"${PODS_ROOT}/Manifest.lock\" > /dev/null\nif [ $? != 0 ] ; then\n    # print error to STDERR\n    echo \"error: The sandbox is not in sync with the Podfile.lock. Run 'pod install' or update your CocoaPods installation.\" >&2\n    exit 1\nfi\n# This output is used by Xcode 'outputs' to avoid re-running this script phase.\necho \"SUCCESS\" > \"${SCRIPT_OUTPUT_FILE_0}\"\n";
			showEnvVarsInLog = 0;
		};
		9E03297167DC7447B3D856EE /* [CP] Check Pods Manifest.lock */ = {
			isa = PBXShellScriptBuildPhase;
			buildActionMask = 2147483647;
			files = (
			);
			inputFileListPaths = (
			);
			inputPaths = (
				"${PODS_PODFILE_DIR_PATH}/Podfile.lock",
				"${PODS_ROOT}/Manifest.lock",
			);
			name = "[CP] Check Pods Manifest.lock";
			outputFileListPaths = (
			);
			outputPaths = (
				"$(DERIVED_FILE_DIR)/Pods-AisleTask-AisleTaskUITests-checkManifestLockResult.txt",
			);
			runOnlyForDeploymentPostprocessing = 0;
			shellPath = /bin/sh;
			shellScript = "diff \"${PODS_PODFILE_DIR_PATH}/Podfile.lock\" \"${PODS_ROOT}/Manifest.lock\" > /dev/null\nif [ $? != 0 ] ; then\n    # print error to STDERR\n    echo \"error: The sandbox is not in sync with the Podfile.lock. Run 'pod install' or update your CocoaPods installation.\" >&2\n    exit 1\nfi\n# This output is used by Xcode 'outputs' to avoid re-running this script phase.\necho \"SUCCESS\" > \"${SCRIPT_OUTPUT_FILE_0}\"\n";
			showEnvVarsInLog = 0;
		};
		EEB03F661EA3A06DCB88EA61 /* [CP] Embed Pods Frameworks */ = {
			isa = PBXShellScriptBuildPhase;
			buildActionMask = 2147483647;
			files = (
			);
			inputFileListPaths = (
				"${PODS_ROOT}/Target Support Files/Pods-AisleTaskTests/Pods-AisleTaskTests-frameworks-${CONFIGURATION}-input-files.xcfilelist",
			);
			name = "[CP] Embed Pods Frameworks";
			outputFileListPaths = (
				"${PODS_ROOT}/Target Support Files/Pods-AisleTaskTests/Pods-AisleTaskTests-frameworks-${CONFIGURATION}-output-files.xcfilelist",
			);
			runOnlyForDeploymentPostprocessing = 0;
			shellPath = /bin/sh;
			shellScript = "\"${PODS_ROOT}/Target Support Files/Pods-AisleTaskTests/Pods-AisleTaskTests-frameworks.sh\"\n";
			showEnvVarsInLog = 0;
		};
/* End PBXShellScriptBuildPhase section */

/* Begin PBXSourcesBuildPhase section */
		BF790DD22E0D729C00C68CBC /* Sources */ = {
			isa = PBXSourcesBuildPhase;
			buildActionMask = 2147483647;
			files = (
				BF790DDE2E0D729C00C68CBC /* LoginVC.swift in Sources */,
				BF9753652E0EB19F00E41938 /* DiscoverVC.swift in Sources */,
				BF790E182E0DAB3B00C68CBC /* OTPVC.swift in Sources */,
				BF9753632E0EA3BD00E41938 /* TabBarVC.swift in Sources */,
				BF790E102E0D74CB00C68CBC /* GenericHelper.swift in Sources */,
				BF790DDA2E0D729C00C68CBC /* AppDelegate.swift in Sources */,
				BF790E162E0D888900C68CBC /* Models.swift in Sources */,
				BF790E122E0D7B8F00C68CBC /* APIHandler.swift in Sources */,
				BF97536D2E0FDEBB00E41938 /* ProfileCollectionViewCell.swift in Sources */,
				BF790DDC2E0D729C00C68CBC /* SceneDelegate.swift in Sources */,
				BF790E142E0D7DE100C68CBC /* WebAPI.swift in Sources */,
				BF9753672E0EB27B00E41938 /* NotesVC.swift in Sources */,
				BF97536F2E10195700E41938 /* ProfileListCollectionViewCell.swift in Sources */,
				BF790DE42E0D729C00C68CBC /* AisleTask.xcdatamodeld in Sources */,
			);
			runOnlyForDeploymentPostprocessing = 0;
		};
		BF790DEB2E0D729F00C68CBC /* Sources */ = {
			isa = PBXSourcesBuildPhase;
			buildActionMask = 2147483647;
			files = (
				BF790DF42E0D729F00C68CBC /* AisleTaskTests.swift in Sources */,
			);
			runOnlyForDeploymentPostprocessing = 0;
		};
		BF790DF52E0D729F00C68CBC /* Sources */ = {
			isa = PBXSourcesBuildPhase;
			buildActionMask = 2147483647;
			files = (
				BF790E002E0D729F00C68CBC /* AisleTaskUITestsLaunchTests.swift in Sources */,
				BF790DFE2E0D729F00C68CBC /* AisleTaskUITests.swift in Sources */,
			);
			runOnlyForDeploymentPostprocessing = 0;
		};
/* End PBXSourcesBuildPhase section */

/* Begin PBXTargetDependency section */
		BF790DF12E0D729F00C68CBC /* PBXTargetDependency */ = {
			isa = PBXTargetDependency;
			target = BF790DD52E0D729C00C68CBC /* AisleTask */;
			targetProxy = BF790DF02E0D729F00C68CBC /* PBXContainerItemProxy */;
		};
		BF790DFB2E0D729F00C68CBC /* PBXTargetDependency */ = {
			isa = PBXTargetDependency;
			target = BF790DD52E0D729C00C68CBC /* AisleTask */;
			targetProxy = BF790DFA2E0D729F00C68CBC /* PBXContainerItemProxy */;
		};
/* End PBXTargetDependency section */

/* Begin PBXVariantGroup section */
		BF790DDF2E0D729C00C68CBC /* Main.storyboard */ = {
			isa = PBXVariantGroup;
			children = (
				BF790DE02E0D729C00C68CBC /* Base */,
			);
			name = Main.storyboard;
			sourceTree = "<group>";
		};
		BF790DE72E0D729E00C68CBC /* LaunchScreen.storyboard */ = {
			isa = PBXVariantGroup;
			children = (
				BF790DE82E0D729E00C68CBC /* Base */,
			);
			name = LaunchScreen.storyboard;
			sourceTree = "<group>";
		};
/* End PBXVariantGroup section */

/* Begin XCBuildConfiguration section */
		BF790E012E0D729F00C68CBC /* Debug */ = {
			isa = XCBuildConfiguration;
			buildSettings = {
				ALWAYS_SEARCH_USER_PATHS = NO;
				ASSETCATALOG_COMPILER_GENERATE_SWIFT_ASSET_SYMBOL_EXTENSIONS = YES;
				CLANG_ANALYZER_NONNULL = YES;
				CLANG_ANALYZER_NUMBER_OBJECT_CONVERSION = YES_AGGRESSIVE;
				CLANG_CXX_LANGUAGE_STANDARD = "gnu++20";
				CLANG_ENABLE_MODULES = YES;
				CLANG_ENABLE_OBJC_ARC = YES;
				CLANG_ENABLE_OBJC_WEAK = YES;
				CLANG_WARN_BLOCK_CAPTURE_AUTORELEASING = YES;
				CLANG_WARN_BOOL_CONVERSION = YES;
				CLANG_WARN_COMMA = YES;
				CLANG_WARN_CONSTANT_CONVERSION = YES;
				CLANG_WARN_DEPRECATED_OBJC_IMPLEMENTATIONS = YES;
				CLANG_WARN_DIRECT_OBJC_ISA_USAGE = YES_ERROR;
				CLANG_WARN_DOCUMENTATION_COMMENTS = YES;
				CLANG_WARN_EMPTY_BODY = YES;
				CLANG_WARN_ENUM_CONVERSION = YES;
				CLANG_WARN_INFINITE_RECURSION = YES;
				CLANG_WARN_INT_CONVERSION = YES;
				CLANG_WARN_NON_LITERAL_NULL_CONVERSION = YES;
				CLANG_WARN_OBJC_IMPLICIT_RETAIN_SELF = YES;
				CLANG_WARN_OBJC_LITERAL_CONVERSION = YES;
				CLANG_WARN_OBJC_ROOT_CLASS = YES_ERROR;
				CLANG_WARN_QUOTED_INCLUDE_IN_FRAMEWORK_HEADER = YES;
				CLANG_WARN_RANGE_LOOP_ANALYSIS = YES;
				CLANG_WARN_STRICT_PROTOTYPES = YES;
				CLANG_WARN_SUSPICIOUS_MOVE = YES;
				CLANG_WARN_UNGUARDED_AVAILABILITY = YES_AGGRESSIVE;
				CLANG_WARN_UNREACHABLE_CODE = YES;
				CLANG_WARN__DUPLICATE_METHOD_MATCH = YES;
				COPY_PHASE_STRIP = NO;
				DEBUG_INFORMATION_FORMAT = dwarf;
				ENABLE_STRICT_OBJC_MSGSEND = YES;
				ENABLE_TESTABILITY = YES;
				ENABLE_USER_SCRIPT_SANDBOXING = YES;
				GCC_C_LANGUAGE_STANDARD = gnu17;
				GCC_DYNAMIC_NO_PIC = NO;
				GCC_NO_COMMON_BLOCKS = YES;
				GCC_OPTIMIZATION_LEVEL = 0;
				GCC_PREPROCESSOR_DEFINITIONS = (
					"DEBUG=1",
					"$(inherited)",
				);
				GCC_WARN_64_TO_32_BIT_CONVERSION = YES;
				GCC_WARN_ABOUT_RETURN_TYPE = YES_ERROR;
				GCC_WARN_UNDECLARED_SELECTOR = YES;
				GCC_WARN_UNINITIALIZED_AUTOS = YES_AGGRESSIVE;
				GCC_WARN_UNUSED_FUNCTION = YES;
				GCC_WARN_UNUSED_VARIABLE = YES;
				IPHONEOS_DEPLOYMENT_TARGET = 17.2;
				LOCALIZATION_PREFERS_STRING_CATALOGS = YES;
				MTL_ENABLE_DEBUG_INFO = INCLUDE_SOURCE;
				MTL_FAST_MATH = YES;
				ONLY_ACTIVE_ARCH = YES;
				SDKROOT = iphoneos;
				SWIFT_ACTIVE_COMPILATION_CONDITIONS = "DEBUG $(inherited)";
				SWIFT_OPTIMIZATION_LEVEL = "-Onone";
			};
			name = Debug;
		};
		BF790E022E0D729F00C68CBC /* Release */ = {
			isa = XCBuildConfiguration;
			buildSettings = {
				ALWAYS_SEARCH_USER_PATHS = NO;
				ASSETCATALOG_COMPILER_GENERATE_SWIFT_ASSET_SYMBOL_EXTENSIONS = YES;
				CLANG_ANALYZER_NONNULL = YES;
				CLANG_ANALYZER_NUMBER_OBJECT_CONVERSION = YES_AGGRESSIVE;
				CLANG_CXX_LANGUAGE_STANDARD = "gnu++20";
				CLANG_ENABLE_MODULES = YES;
				CLANG_ENABLE_OBJC_ARC = YES;
				CLANG_ENABLE_OBJC_WEAK = YES;
				CLANG_WARN_BLOCK_CAPTURE_AUTORELEASING = YES;
				CLANG_WARN_BOOL_CONVERSION = YES;
				CLANG_WARN_COMMA = YES;
				CLANG_WARN_CONSTANT_CONVERSION = YES;
				CLANG_WARN_DEPRECATED_OBJC_IMPLEMENTATIONS = YES;
				CLANG_WARN_DIRECT_OBJC_ISA_USAGE = YES_ERROR;
				CLANG_WARN_DOCUMENTATION_COMMENTS = YES;
				CLANG_WARN_EMPTY_BODY = YES;
				CLANG_WARN_ENUM_CONVERSION = YES;
				CLANG_WARN_INFINITE_RECURSION = YES;
				CLANG_WARN_INT_CONVERSION = YES;
				CLANG_WARN_NON_LITERAL_NULL_CONVERSION = YES;
				CLANG_WARN_OBJC_IMPLICIT_RETAIN_SELF = YES;
				CLANG_WARN_OBJC_LITERAL_CONVERSION = YES;
				CLANG_WARN_OBJC_ROOT_CLASS = YES_ERROR;
				CLANG_WARN_QUOTED_INCLUDE_IN_FRAMEWORK_HEADER = YES;
				CLANG_WARN_RANGE_LOOP_ANALYSIS = YES;
				CLANG_WARN_STRICT_PROTOTYPES = YES;
				CLANG_WARN_SUSPICIOUS_MOVE = YES;
				CLANG_WARN_UNGUARDED_AVAILABILITY = YES_AGGRESSIVE;
				CLANG_WARN_UNREACHABLE_CODE = YES;
				CLANG_WARN__DUPLICATE_METHOD_MATCH = YES;
				COPY_PHASE_STRIP = NO;
				DEBUG_INFORMATION_FORMAT = "dwarf-with-dsym";
				ENABLE_NS_ASSERTIONS = NO;
				ENABLE_STRICT_OBJC_MSGSEND = YES;
				ENABLE_USER_SCRIPT_SANDBOXING = YES;
				GCC_C_LANGUAGE_STANDARD = gnu17;
				GCC_NO_COMMON_BLOCKS = YES;
				GCC_WARN_64_TO_32_BIT_CONVERSION = YES;
				GCC_WARN_ABOUT_RETURN_TYPE = YES_ERROR;
				GCC_WARN_UNDECLARED_SELECTOR = YES;
				GCC_WARN_UNINITIALIZED_AUTOS = YES_AGGRESSIVE;
				GCC_WARN_UNUSED_FUNCTION = YES;
				GCC_WARN_UNUSED_VARIABLE = YES;
				IPHONEOS_DEPLOYMENT_TARGET = 17.2;
				LOCALIZATION_PREFERS_STRING_CATALOGS = YES;
				MTL_ENABLE_DEBUG_INFO = NO;
				MTL_FAST_MATH = YES;
				SDKROOT = iphoneos;
				SWIFT_COMPILATION_MODE = wholemodule;
				VALIDATE_PRODUCT = YES;
			};
			name = Release;
		};
		BF790E042E0D729F00C68CBC /* Debug */ = {
			isa = XCBuildConfiguration;
			baseConfigurationReference = 06CCA6AF72D73FED0B5D4B5E /* Pods-AisleTask.debug.xcconfig */;
			buildSettings = {
				ASSETCATALOG_COMPILER_APPICON_NAME = AppIcon;
				ASSETCATALOG_COMPILER_GLOBAL_ACCENT_COLOR_NAME = AccentColor;
				CODE_SIGN_STYLE = Automatic;
				CURRENT_PROJECT_VERSION = 1;
				GENERATE_INFOPLIST_FILE = YES;
				INFOPLIST_FILE = AisleTask/Info.plist;
				INFOPLIST_KEY_UIApplicationSupportsIndirectInputEvents = YES;
				INFOPLIST_KEY_UILaunchStoryboardName = LaunchScreen;
				INFOPLIST_KEY_UIMainStoryboardFile = Main;
				INFOPLIST_KEY_UISupportedInterfaceOrientations_iPad = "UIInterfaceOrientationPortrait UIInterfaceOrientationPortraitUpsideDown UIInterfaceOrientationLandscapeLeft UIInterfaceOrientationLandscapeRight";
				INFOPLIST_KEY_UISupportedInterfaceOrientations_iPhone = "UIInterfaceOrientationPortrait UIInterfaceOrientationLandscapeLeft UIInterfaceOrientationLandscapeRight";
				LD_RUNPATH_SEARCH_PATHS = (
					"$(inherited)",
					"@executable_path/Frameworks",
				);
				MARKETING_VERSION = 1.0;
				PRODUCT_BUNDLE_IDENTIFIER = Jagadeesh.AisleTask;
				PRODUCT_NAME = "$(TARGET_NAME)";
				SWIFT_EMIT_LOC_STRINGS = YES;
				SWIFT_VERSION = 5.0;
				TARGETED_DEVICE_FAMILY = "1,2";
			};
			name = Debug;
		};
		BF790E052E0D729F00C68CBC /* Release */ = {
			isa = XCBuildConfiguration;
			baseConfigurationReference = 08B3ED49003D35A801EE7556 /* Pods-AisleTask.release.xcconfig */;
			buildSettings = {
				ASSETCATALOG_COMPILER_APPICON_NAME = AppIcon;
				ASSETCATALOG_COMPILER_GLOBAL_ACCENT_COLOR_NAME = AccentColor;
				CODE_SIGN_STYLE = Automatic;
				CURRENT_PROJECT_VERSION = 1;
				GENERATE_INFOPLIST_FILE = YES;
				INFOPLIST_FILE = AisleTask/Info.plist;
				INFOPLIST_KEY_UIApplicationSupportsIndirectInputEvents = YES;
				INFOPLIST_KEY_UILaunchStoryboardName = LaunchScreen;
				INFOPLIST_KEY_UIMainStoryboardFile = Main;
				INFOPLIST_KEY_UISupportedInterfaceOrientations_iPad = "UIInterfaceOrientationPortrait UIInterfaceOrientationPortraitUpsideDown UIInterfaceOrientationLandscapeLeft UIInterfaceOrientationLandscapeRight";
				INFOPLIST_KEY_UISupportedInterfaceOrientations_iPhone = "UIInterfaceOrientationPortrait UIInterfaceOrientationLandscapeLeft UIInterfaceOrientationLandscapeRight";
				LD_RUNPATH_SEARCH_PATHS = (
					"$(inherited)",
					"@executable_path/Frameworks",
				);
				MARKETING_VERSION = 1.0;
				PRODUCT_BUNDLE_IDENTIFIER = Jagadeesh.AisleTask;
				PRODUCT_NAME = "$(TARGET_NAME)";
				SWIFT_EMIT_LOC_STRINGS = YES;
				SWIFT_VERSION = 5.0;
				TARGETED_DEVICE_FAMILY = "1,2";
			};
			name = Release;
		};
		BF790E072E0D729F00C68CBC /* Debug */ = {
			isa = XCBuildConfiguration;
			baseConfigurationReference = B01BDE5E9B583EBE31E2E2AE /* Pods-AisleTaskTests.debug.xcconfig */;
			buildSettings = {
				ALWAYS_EMBED_SWIFT_STANDARD_LIBRARIES = YES;
				BUNDLE_LOADER = "$(TEST_HOST)";
				CODE_SIGN_STYLE = Automatic;
				CURRENT_PROJECT_VERSION = 1;
				GENERATE_INFOPLIST_FILE = YES;
				IPHONEOS_DEPLOYMENT_TARGET = 17.2;
				MARKETING_VERSION = 1.0;
				PRODUCT_BUNDLE_IDENTIFIER = Jagadeesh.AisleTaskTests;
				PRODUCT_NAME = "$(TARGET_NAME)";
				SWIFT_EMIT_LOC_STRINGS = NO;
				SWIFT_VERSION = 5.0;
				TARGETED_DEVICE_FAMILY = "1,2";
				TEST_HOST = "$(BUILT_PRODUCTS_DIR)/AisleTask.app/$(BUNDLE_EXECUTABLE_FOLDER_PATH)/AisleTask";
			};
			name = Debug;
		};
		BF790E082E0D729F00C68CBC /* Release */ = {
			isa = XCBuildConfiguration;
			baseConfigurationReference = F41D94F5AA5439D4E9F7CD22 /* Pods-AisleTaskTests.release.xcconfig */;
			buildSettings = {
				ALWAYS_EMBED_SWIFT_STANDARD_LIBRARIES = YES;
				BUNDLE_LOADER = "$(TEST_HOST)";
				CODE_SIGN_STYLE = Automatic;
				CURRENT_PROJECT_VERSION = 1;
				GENERATE_INFOPLIST_FILE = YES;
				IPHONEOS_DEPLOYMENT_TARGET = 17.2;
				MARKETING_VERSION = 1.0;
				PRODUCT_BUNDLE_IDENTIFIER = Jagadeesh.AisleTaskTests;
				PRODUCT_NAME = "$(TARGET_NAME)";
				SWIFT_EMIT_LOC_STRINGS = NO;
				SWIFT_VERSION = 5.0;
				TARGETED_DEVICE_FAMILY = "1,2";
				TEST_HOST = "$(BUILT_PRODUCTS_DIR)/AisleTask.app/$(BUNDLE_EXECUTABLE_FOLDER_PATH)/AisleTask";
			};
			name = Release;
		};
		BF790E0A2E0D729F00C68CBC /* Debug */ = {
			isa = XCBuildConfiguration;
			baseConfigurationReference = 0915D06A0985C4A345C62EBB /* Pods-AisleTask-AisleTaskUITests.debug.xcconfig */;
			buildSettings = {
				ALWAYS_EMBED_SWIFT_STANDARD_LIBRARIES = YES;
				CODE_SIGN_STYLE = Automatic;
				CURRENT_PROJECT_VERSION = 1;
				GENERATE_INFOPLIST_FILE = YES;
				MARKETING_VERSION = 1.0;
				PRODUCT_BUNDLE_IDENTIFIER = Jagadeesh.AisleTaskUITests;
				PRODUCT_NAME = "$(TARGET_NAME)";
				SWIFT_EMIT_LOC_STRINGS = NO;
				SWIFT_VERSION = 5.0;
				TARGETED_DEVICE_FAMILY = "1,2";
				TEST_TARGET_NAME = AisleTask;
			};
			name = Debug;
		};
		BF790E0B2E0D729F00C68CBC /* Release */ = {
			isa = XCBuildConfiguration;
			baseConfigurationReference = 348820CCA107F781A5A200DE /* Pods-AisleTask-AisleTaskUITests.release.xcconfig */;
			buildSettings = {
				ALWAYS_EMBED_SWIFT_STANDARD_LIBRARIES = YES;
				CODE_SIGN_STYLE = Automatic;
				CURRENT_PROJECT_VERSION = 1;
				GENERATE_INFOPLIST_FILE = YES;
				MARKETING_VERSION = 1.0;
				PRODUCT_BUNDLE_IDENTIFIER = Jagadeesh.AisleTaskUITests;
				PRODUCT_NAME = "$(TARGET_NAME)";
				SWIFT_EMIT_LOC_STRINGS = NO;
				SWIFT_VERSION = 5.0;
				TARGETED_DEVICE_FAMILY = "1,2";
				TEST_TARGET_NAME = AisleTask;
			};
			name = Release;
		};
/* End XCBuildConfiguration section */

/* Begin XCConfigurationList section */
		BF790DD12E0D729C00C68CBC /* Build configuration list for PBXProject "AisleTask" */ = {
			isa = XCConfigurationList;
			buildConfigurations = (
				BF790E012E0D729F00C68CBC /* Debug */,
				BF790E022E0D729F00C68CBC /* Release */,
			);
			defaultConfigurationIsVisible = 0;
			defaultConfigurationName = Release;
		};
		BF790E032E0D729F00C68CBC /* Build configuration list for PBXNativeTarget "AisleTask" */ = {
			isa = XCConfigurationList;
			buildConfigurations = (
				BF790E042E0D729F00C68CBC /* Debug */,
				BF790E052E0D729F00C68CBC /* Release */,
			);
			defaultConfigurationIsVisible = 0;
			defaultConfigurationName = Release;
		};
		BF790E062E0D729F00C68CBC /* Build configuration list for PBXNativeTarget "AisleTaskTests" */ = {
			isa = XCConfigurationList;
			buildConfigurations = (
				BF790E072E0D729F00C68CBC /* Debug */,
				BF790E082E0D729F00C68CBC /* Release */,
			);
			defaultConfigurationIsVisible = 0;
			defaultConfigurationName = Release;
		};
		BF790E092E0D729F00C68CBC /* Build configuration list for PBXNativeTarget "AisleTaskUITests" */ = {
			isa = XCConfigurationList;
			buildConfigurations = (
				BF790E0A2E0D729F00C68CBC /* Debug */,
				BF790E0B2E0D729F00C68CBC /* Release */,
			);
			defaultConfigurationIsVisible = 0;
			defaultConfigurationName = Release;
		};
/* End XCConfigurationList section */

/* Begin XCRemoteSwiftPackageReference section */
		BF790E0C2E0D73A900C68CBC /* XCRemoteSwiftPackageReference "IQKeyboardManager" */ = {
			isa = XCRemoteSwiftPackageReference;
			repositoryURL = "https://github.com/hackiftekhar/IQKeyboardManager.git";
			requirement = {
				kind = upToNextMajorVersion;
				minimumVersion = 8.0.1;
			};
		};
/* End XCRemoteSwiftPackageReference section */

/* Begin XCSwiftPackageProductDependency section */
		BF790E0D2E0D73A900C68CBC /* IQKeyboardManagerSwift */ = {
			isa = XCSwiftPackageProductDependency;
			package = BF790E0C2E0D73A900C68CBC /* XCRemoteSwiftPackageReference "IQKeyboardManager" */;
			productName = IQKeyboardManagerSwift;
		};
/* End XCSwiftPackageProductDependency section */

/* Begin XCVersionGroup section */
		BF790DE22E0D729C00C68CBC /* AisleTask.xcdatamodeld */ = {
			isa = XCVersionGroup;
			children = (
				BF790DE32E0D729C00C68CBC /* AisleTask.xcdatamodel */,
			);
			currentVersion = BF790DE32E0D729C00C68CBC /* AisleTask.xcdatamodel */;
			path = AisleTask.xcdatamodeld;
			sourceTree = "<group>";
			versionGroupType = wrapper.xcdatamodel;
		};
/* End XCVersionGroup section */
	};
	rootObject = BF790DCE2E0D729C00C68CBC /* Project object */;
}
